// !$*UTF8*$!
{
	archiveVersion = 1;
	classes = {
	};
	objectVersion = 50;
	objects = {

/* Begin PBXBuildFile section */
		B5891CE52561EC23005B5307 /* GameEngine.cpp in Sources */ = {isa = PBXBuildFile; fileRef = B5891CE22561EC22005B5307 /* GameEngine.cpp */; };
		B5891CE62561EC23005B5307 /* GameEngineDriver.cpp in Sources */ = {isa = PBXBuildFile; fileRef = B5891CE32561EC22005B5307 /* GameEngineDriver.cpp */; };
		B5891CEC2561ECC0005B5307 /* CardsDriver.cpp in Sources */ = {isa = PBXBuildFile; fileRef = B5891CEA2561ECC0005B5307 /* CardsDriver.cpp */; };
		B5891CED2561ECC0005B5307 /* Cards.cpp in Sources */ = {isa = PBXBuildFile; fileRef = B5891CEB2561ECC0005B5307 /* Cards.cpp */; };
		B5891CF42561ED4E005B5307 /* OrdersDriver.cpp in Sources */ = {isa = PBXBuildFile; fileRef = B5891CF12561ED4E005B5307 /* OrdersDriver.cpp */; };
		B5891CF52561ED4E005B5307 /* Orders.cpp in Sources */ = {isa = PBXBuildFile; fileRef = B5891CF32561ED4E005B5307 /* Orders.cpp */; };
		B5891CFD2561ED98005B5307 /* Map.cpp in Sources */ = {isa = PBXBuildFile; fileRef = B5891CFB2561ED97005B5307 /* Map.cpp */; };
		B5891CFE2561ED98005B5307 /* MapDriver.cpp in Sources */ = {isa = PBXBuildFile; fileRef = B5891CFC2561ED98005B5307 /* MapDriver.cpp */; };
		B5891D052561EDB5005B5307 /* MapLoader.cpp in Sources */ = {isa = PBXBuildFile; fileRef = B5891D022561EDB5005B5307 /* MapLoader.cpp */; };
		B5891D062561EDB5005B5307 /* MapLoaderDriver.cpp in Sources */ = {isa = PBXBuildFile; fileRef = B5891D042561EDB5005B5307 /* MapLoaderDriver.cpp */; };
		B5891D0D2561EDD0005B5307 /* PlayerDriver.cpp in Sources */ = {isa = PBXBuildFile; fileRef = B5891D0A2561EDD0005B5307 /* PlayerDriver.cpp */; };
		B5891D0E2561EDD0005B5307 /* Player.cpp in Sources */ = {isa = PBXBuildFile; fileRef = B5891D0C2561EDD0005B5307 /* Player.cpp */; };
/* End PBXBuildFile section */

/* Begin PBXCopyFilesBuildPhase section */
		B5891CCB2561E655005B5307 /* CopyFiles */ = {
			isa = PBXCopyFilesBuildPhase;
			buildActionMask = 2147483647;
			dstPath = /usr/share/man/man1/;
			dstSubfolderSpec = 0;
			files = (
			);
			runOnlyForDeploymentPostprocessing = 1;
		};
/* End PBXCopyFilesBuildPhase section */

/* Begin PBXFileReference section */
		B5891CCD2561E655005B5307 /* Assignment */ = {isa = PBXFileReference; explicitFileType = "compiled.mach-o.executable"; includeInIndex = 0; path = Assignment; sourceTree = BUILT_PRODUCTS_DIR; };
		B5891CDF2561EB6E005B5307 /* Maps */ = {isa = PBXFileReference; lastKnownFileType = folder; path = Maps; sourceTree = "<group>"; };
		B5891CE22561EC22005B5307 /* GameEngine.cpp */ = {isa = PBXFileReference; fileEncoding = 4; lastKnownFileType = sourcecode.cpp.cpp; path = GameEngine.cpp; sourceTree = "<group>"; };
		B5891CE32561EC22005B5307 /* GameEngineDriver.cpp */ = {isa = PBXFileReference; fileEncoding = 4; lastKnownFileType = sourcecode.cpp.cpp; path = GameEngineDriver.cpp; sourceTree = "<group>"; };
		B5891CE42561EC23005B5307 /* GameEngine.hpp */ = {isa = PBXFileReference; fileEncoding = 4; lastKnownFileType = sourcecode.cpp.h; path = GameEngine.hpp; sourceTree = "<group>"; };
		B5891CE92561ECC0005B5307 /* Cards.hpp */ = {isa = PBXFileReference; fileEncoding = 4; lastKnownFileType = sourcecode.cpp.h; path = Cards.hpp; sourceTree = "<group>"; };
		B5891CEA2561ECC0005B5307 /* CardsDriver.cpp */ = {isa = PBXFileReference; fileEncoding = 4; lastKnownFileType = sourcecode.cpp.cpp; path = CardsDriver.cpp; sourceTree = "<group>"; };
		B5891CEB2561ECC0005B5307 /* Cards.cpp */ = {isa = PBXFileReference; fileEncoding = 4; lastKnownFileType = sourcecode.cpp.cpp; path = Cards.cpp; sourceTree = "<group>"; };
		B5891CF12561ED4E005B5307 /* OrdersDriver.cpp */ = {isa = PBXFileReference; fileEncoding = 4; lastKnownFileType = sourcecode.cpp.cpp; path = OrdersDriver.cpp; sourceTree = "<group>"; };
		B5891CF22561ED4E005B5307 /* Orders.hpp */ = {isa = PBXFileReference; fileEncoding = 4; lastKnownFileType = sourcecode.cpp.h; path = Orders.hpp; sourceTree = "<group>"; };
		B5891CF32561ED4E005B5307 /* Orders.cpp */ = {isa = PBXFileReference; fileEncoding = 4; lastKnownFileType = sourcecode.cpp.cpp; path = Orders.cpp; sourceTree = "<group>"; };
		B5891CFA2561ED97005B5307 /* Map.hpp */ = {isa = PBXFileReference; fileEncoding = 4; lastKnownFileType = sourcecode.cpp.h; path = Map.hpp; sourceTree = "<group>"; };
		B5891CFB2561ED97005B5307 /* Map.cpp */ = {isa = PBXFileReference; fileEncoding = 4; lastKnownFileType = sourcecode.cpp.cpp; path = Map.cpp; sourceTree = "<group>"; };
		B5891CFC2561ED98005B5307 /* MapDriver.cpp */ = {isa = PBXFileReference; fileEncoding = 4; lastKnownFileType = sourcecode.cpp.cpp; path = MapDriver.cpp; sourceTree = "<group>"; };
		B5891D022561EDB5005B5307 /* MapLoader.cpp */ = {isa = PBXFileReference; fileEncoding = 4; lastKnownFileType = sourcecode.cpp.cpp; path = MapLoader.cpp; sourceTree = "<group>"; };
		B5891D032561EDB5005B5307 /* MapLoader.hpp */ = {isa = PBXFileReference; fileEncoding = 4; lastKnownFileType = sourcecode.cpp.h; path = MapLoader.hpp; sourceTree = "<group>"; };
		B5891D042561EDB5005B5307 /* MapLoaderDriver.cpp */ = {isa = PBXFileReference; fileEncoding = 4; lastKnownFileType = sourcecode.cpp.cpp; path = MapLoaderDriver.cpp; sourceTree = "<group>"; };
		B5891D0A2561EDD0005B5307 /* PlayerDriver.cpp */ = {isa = PBXFileReference; fileEncoding = 4; lastKnownFileType = sourcecode.cpp.cpp; path = PlayerDriver.cpp; sourceTree = "<group>"; };
		B5891D0B2561EDD0005B5307 /* Player.hpp */ = {isa = PBXFileReference; fileEncoding = 4; lastKnownFileType = sourcecode.cpp.h; path = Player.hpp; sourceTree = "<group>"; };
		B5891D0C2561EDD0005B5307 /* Player.cpp */ = {isa = PBXFileReference; fileEncoding = 4; lastKnownFileType = sourcecode.cpp.cpp; path = Player.cpp; sourceTree = "<group>"; };
/* End PBXFileReference section */

/* Begin PBXFrameworksBuildPhase section */
		B5891CCA2561E655005B5307 /* Frameworks */ = {
			isa = PBXFrameworksBuildPhase;
			buildActionMask = 2147483647;
			files = (
			);
			runOnlyForDeploymentPostprocessing = 0;
		};
/* End PBXFrameworksBuildPhase section */

/* Begin PBXGroup section */
		B5891CC42561E655005B5307 = {
			isa = PBXGroup;
			children = (
				B5891CCF2561E655005B5307 /* Assignment */,
				B5891CCE2561E655005B5307 /* Products */,
			);
			sourceTree = "<group>";
		};
		B5891CCE2561E655005B5307 /* Products */ = {
			isa = PBXGroup;
			children = (
				B5891CCD2561E655005B5307 /* Assignment */,
			);
			name = Products;
			sourceTree = "<group>";
		};
		B5891CCF2561E655005B5307 /* Assignment */ = {
			isa = PBXGroup;
			children = (
				B5891D002561EDA4005B5307 /* 1.1 */,
				B5891D082561EDBF005B5307 /* 1.2 */,
				B5891D102561EDEE005B5307 /* 1.3 */,
				B5891CF72561ED5D005B5307 /* 1.4 */,
				B5891CEF2561ECC9005B5307 /* 1.5 */,
				B5891CE82561EC31005B5307 /* 2.1 */,
				B5891CDF2561EB6E005B5307 /* Maps */,
			);
			path = Assignment;
			sourceTree = "<group>";
		};
		B5891CE82561EC31005B5307 /* 2.1 */ = {
			isa = PBXGroup;
			children = (
				B5891CE22561EC22005B5307 /* GameEngine.cpp */,
				B5891CE42561EC23005B5307 /* GameEngine.hpp */,
				B5891CE32561EC22005B5307 /* GameEngineDriver.cpp */,
			);
			path = 2.1;
			sourceTree = "<group>";
		};
		B5891CEF2561ECC9005B5307 /* 1.5 */ = {
			isa = PBXGroup;
			children = (
				B5891CEB2561ECC0005B5307 /* Cards.cpp */,
				B5891CE92561ECC0005B5307 /* Cards.hpp */,
				B5891CEA2561ECC0005B5307 /* CardsDriver.cpp */,
			);
			path = 1.5;
			sourceTree = "<group>";
		};
		B5891CF72561ED5D005B5307 /* 1.4 */ = {
			isa = PBXGroup;
			children = (
				B5891CF32561ED4E005B5307 /* Orders.cpp */,
				B5891CF22561ED4E005B5307 /* Orders.hpp */,
				B5891CF12561ED4E005B5307 /* OrdersDriver.cpp */,
			);
			path = 1.4;
			sourceTree = "<group>";
		};
		B5891D002561EDA4005B5307 /* 1.1 */ = {
			isa = PBXGroup;
			children = (
				B5891CFB2561ED97005B5307 /* Map.cpp */,
				B5891CFA2561ED97005B5307 /* Map.hpp */,
				B5891CFC2561ED98005B5307 /* MapDriver.cpp */,
			);
			path = 1.1;
			sourceTree = "<group>";
		};
		B5891D082561EDBF005B5307 /* 1.2 */ = {
			isa = PBXGroup;
			children = (
				B5891D022561EDB5005B5307 /* MapLoader.cpp */,
				B5891D032561EDB5005B5307 /* MapLoader.hpp */,
				B5891D042561EDB5005B5307 /* MapLoaderDriver.cpp */,
			);
			path = 1.2;
			sourceTree = "<group>";
		};
		B5891D102561EDEE005B5307 /* 1.3 */ = {
			isa = PBXGroup;
			children = (
				B5891D0C2561EDD0005B5307 /* Player.cpp */,
				B5891D0B2561EDD0005B5307 /* Player.hpp */,
				B5891D0A2561EDD0005B5307 /* PlayerDriver.cpp */,
			);
			path = 1.3;
			sourceTree = "<group>";
		};
/* End PBXGroup section */

/* Begin PBXNativeTarget section */
		B5891CCC2561E655005B5307 /* Assignment */ = {
			isa = PBXNativeTarget;
			buildConfigurationList = B5891CD42561E655005B5307 /* Build configuration list for PBXNativeTarget "Assignment" */;
			buildPhases = (
				B5891CC92561E655005B5307 /* Sources */,
				B5891CCA2561E655005B5307 /* Frameworks */,
				B5891CCB2561E655005B5307 /* CopyFiles */,
			);
			buildRules = (
			);
			dependencies = (
			);
			name = Assignment;
			productName = Assignment;
			productReference = B5891CCD2561E655005B5307 /* Assignment */;
			productType = "com.apple.product-type.tool";
		};
/* End PBXNativeTarget section */

/* Begin PBXProject section */
		B5891CC52561E655005B5307 /* Project object */ = {
			isa = PBXProject;
			attributes = {
				LastUpgradeCheck = 1220;
				TargetAttributes = {
					B5891CCC2561E655005B5307 = {
						CreatedOnToolsVersion = 12.2;
					};
				};
			};
			buildConfigurationList = B5891CC82561E655005B5307 /* Build configuration list for PBXProject "Assignment" */;
			compatibilityVersion = "Xcode 9.3";
			developmentRegion = en;
			hasScannedForEncodings = 0;
			knownRegions = (
				en,
				Base,
			);
			mainGroup = B5891CC42561E655005B5307;
			productRefGroup = B5891CCE2561E655005B5307 /* Products */;
			projectDirPath = "";
			projectRoot = "";
			targets = (
				B5891CCC2561E655005B5307 /* Assignment */,
			);
		};
/* End PBXProject section */

/* Begin PBXSourcesBuildPhase section */
		B5891CC92561E655005B5307 /* Sources */ = {
			isa = PBXSourcesBuildPhase;
			buildActionMask = 2147483647;
			files = (
				B5891CFE2561ED98005B5307 /* MapDriver.cpp in Sources */,
				B5891D052561EDB5005B5307 /* MapLoader.cpp in Sources */,
				B5891CEC2561ECC0005B5307 /* CardsDriver.cpp in Sources */,
				B5891D062561EDB5005B5307 /* MapLoaderDriver.cpp in Sources */,
				B5891CE52561EC23005B5307 /* GameEngine.cpp in Sources */,
				B5891CF52561ED4E005B5307 /* Orders.cpp in Sources */,
				B5891CE62561EC23005B5307 /* GameEngineDriver.cpp in Sources */,
				B5891CF42561ED4E005B5307 /* OrdersDriver.cpp in Sources */,
				B5891D0E2561EDD0005B5307 /* Player.cpp in Sources */,
				B5891D0D2561EDD0005B5307 /* PlayerDriver.cpp in Sources */,
				B5891CFD2561ED98005B5307 /* Map.cpp in Sources */,
				B5891CED2561ECC0005B5307 /* Cards.cpp in Sources */,
			);
			runOnlyForDeploymentPostprocessing = 0;
		};
/* End PBXSourcesBuildPhase section */

/* Begin XCBuildConfiguration section */
		B5891CD22561E655005B5307 /* Debug */ = {
			isa = XCBuildConfiguration;
			buildSettings = {
				ALWAYS_SEARCH_USER_PATHS = NO;
				CLANG_ANALYZER_NONNULL = YES;
				CLANG_ANALYZER_NUMBER_OBJECT_CONVERSION = YES_AGGRESSIVE;
				CLANG_CXX_LANGUAGE_STANDARD = "gnu++14";
				CLANG_CXX_LIBRARY = "libc++";
				CLANG_ENABLE_MODULES = YES;
				CLANG_ENABLE_OBJC_ARC = YES;
				CLANG_ENABLE_OBJC_WEAK = YES;
				CLANG_WARN_BLOCK_CAPTURE_AUTORELEASING = YES;
				CLANG_WARN_BOOL_CONVERSION = YES;
				CLANG_WARN_COMMA = YES;
				CLANG_WARN_CONSTANT_CONVERSION = YES;
				CLANG_WARN_DEPRECATED_OBJC_IMPLEMENTATIONS = YES;
				CLANG_WARN_DIRECT_OBJC_ISA_USAGE = YES_ERROR;
				CLANG_WARN_DOCUMENTATION_COMMENTS = YES;
				CLANG_WARN_EMPTY_BODY = YES;
				CLANG_WARN_ENUM_CONVERSION = YES;
				CLANG_WARN_INFINITE_RECURSION = YES;
				CLANG_WARN_INT_CONVERSION = YES;
				CLANG_WARN_NON_LITERAL_NULL_CONVERSION = YES;
				CLANG_WARN_OBJC_IMPLICIT_RETAIN_SELF = YES;
				CLANG_WARN_OBJC_LITERAL_CONVERSION = YES;
				CLANG_WARN_OBJC_ROOT_CLASS = YES_ERROR;
				CLANG_WARN_QUOTED_INCLUDE_IN_FRAMEWORK_HEADER = YES;
				CLANG_WARN_RANGE_LOOP_ANALYSIS = YES;
				CLANG_WARN_STRICT_PROTOTYPES = YES;
				CLANG_WARN_SUSPICIOUS_MOVE = YES;
				CLANG_WARN_UNGUARDED_AVAILABILITY = YES_AGGRESSIVE;
				CLANG_WARN_UNREACHABLE_CODE = YES;
				CLANG_WARN__DUPLICATE_METHOD_MATCH = YES;
				COPY_PHASE_STRIP = NO;
				DEBUG_INFORMATION_FORMAT = dwarf;
				ENABLE_STRICT_OBJC_MSGSEND = YES;
				ENABLE_TESTABILITY = YES;
				GCC_C_LANGUAGE_STANDARD = gnu11;
				GCC_DYNAMIC_NO_PIC = NO;
				GCC_NO_COMMON_BLOCKS = YES;
				GCC_OPTIMIZATION_LEVEL = 0;
				GCC_PREPROCESSOR_DEFINITIONS = (
					"DEBUG=1",
					"$(inherited)",
				);
				GCC_WARN_64_TO_32_BIT_CONVERSION = YES;
				GCC_WARN_ABOUT_RETURN_TYPE = YES_ERROR;
				GCC_WARN_UNDECLARED_SELECTOR = YES;
				GCC_WARN_UNINITIALIZED_AUTOS = YES_AGGRESSIVE;
				GCC_WARN_UNUSED_FUNCTION = YES;
				GCC_WARN_UNUSED_VARIABLE = YES;
				MACOSX_DEPLOYMENT_TARGET = 11.0;
				MTL_ENABLE_DEBUG_INFO = INCLUDE_SOURCE;
				MTL_FAST_MATH = YES;
				ONLY_ACTIVE_ARCH = YES;
				SDKROOT = macosx;
			};
			name = Debug;
		};
		B5891CD32561E655005B5307 /* Release */ = {
			isa = XCBuildConfiguration;
			buildSettings = {
				ALWAYS_SEARCH_USER_PATHS = NO;
				CLANG_ANALYZER_NONNULL = YES;
				CLANG_ANALYZER_NUMBER_OBJECT_CONVERSION = YES_AGGRESSIVE;
				CLANG_CXX_LANGUAGE_STANDARD = "gnu++14";
				CLANG_CXX_LIBRARY = "libc++";
				CLANG_ENABLE_MODULES = YES;
				CLANG_ENABLE_OBJC_ARC = YES;
				CLANG_ENABLE_OBJC_WEAK = YES;
				CLANG_WARN_BLOCK_CAPTURE_AUTORELEASING = YES;
				CLANG_WARN_BOOL_CONVERSION = YES;
				CLANG_WARN_COMMA = YES;
				CLANG_WARN_CONSTANT_CONVERSION = YES;
				CLANG_WARN_DEPRECATED_OBJC_IMPLEMENTATIONS = YES;
				CLANG_WARN_DIRECT_OBJC_ISA_USAGE = YES_ERROR;
				CLANG_WARN_DOCUMENTATION_COMMENTS = YES;
				CLANG_WARN_EMPTY_BODY = YES;
				CLANG_WARN_ENUM_CONVERSION = YES;
				CLANG_WARN_INFINITE_RECURSION = YES;
				CLANG_WARN_INT_CONVERSION = YES;
				CLANG_WARN_NON_LITERAL_NULL_CONVERSION = YES;
				CLANG_WARN_OBJC_IMPLICIT_RETAIN_SELF = YES;
				CLANG_WARN_OBJC_LITERAL_CONVERSION = YES;
				CLANG_WARN_OBJC_ROOT_CLASS = YES_ERROR;
				CLANG_WARN_QUOTED_INCLUDE_IN_FRAMEWORK_HEADER = YES;
				CLANG_WARN_RANGE_LOOP_ANALYSIS = YES;
				CLANG_WARN_STRICT_PROTOTYPES = YES;
				CLANG_WARN_SUSPICIOUS_MOVE = YES;
				CLANG_WARN_UNGUARDED_AVAILABILITY = YES_AGGRESSIVE;
				CLANG_WARN_UNREACHABLE_CODE = YES;
				CLANG_WARN__DUPLICATE_METHOD_MATCH = YES;
				COPY_PHASE_STRIP = NO;
				DEBUG_INFORMATION_FORMAT = "dwarf-with-dsym";
				ENABLE_NS_ASSERTIONS = NO;
				ENABLE_STRICT_OBJC_MSGSEND = YES;
				GCC_C_LANGUAGE_STANDARD = gnu11;
				GCC_NO_COMMON_BLOCKS = YES;
				GCC_WARN_64_TO_32_BIT_CONVERSION = YES;
				GCC_WARN_ABOUT_RETURN_TYPE = YES_ERROR;
				GCC_WARN_UNDECLARED_SELECTOR = YES;
				GCC_WARN_UNINITIALIZED_AUTOS = YES_AGGRESSIVE;
				GCC_WARN_UNUSED_FUNCTION = YES;
				GCC_WARN_UNUSED_VARIABLE = YES;
				MACOSX_DEPLOYMENT_TARGET = 11.0;
				MTL_ENABLE_DEBUG_INFO = NO;
				MTL_FAST_MATH = YES;
				SDKROOT = macosx;
			};
			name = Release;
		};
		B5891CD52561E655005B5307 /* Debug */ = {
			isa = XCBuildConfiguration;
			buildSettings = {
				CODE_SIGN_STYLE = Automatic;
				DEVELOPMENT_TEAM = GGQBTGK6VY;
				ENABLE_HARDENED_RUNTIME = YES;
				PRODUCT_NAME = "$(TARGET_NAME)";
			};
			name = Debug;
		};
		B5891CD62561E655005B5307 /* Release */ = {
			isa = XCBuildConfiguration;
			buildSettings = {
				CODE_SIGN_STYLE = Automatic;
				DEVELOPMENT_TEAM = GGQBTGK6VY;
				ENABLE_HARDENED_RUNTIME = YES;
				PRODUCT_NAME = "$(TARGET_NAME)";
			};
			name = Release;
		};
/* End XCBuildConfiguration section */

/* Begin XCConfigurationList section */
		B5891CC82561E655005B5307 /* Build configuration list for PBXProject "Assignment" */ = {
			isa = XCConfigurationList;
			buildConfigurations = (
				B5891CD22561E655005B5307 /* Debug */,
				B5891CD32561E655005B5307 /* Release */,
			);
			defaultConfigurationIsVisible = 0;
			defaultConfigurationName = Release;
		};
		B5891CD42561E655005B5307 /* Build configuration list for PBXNativeTarget "Assignment" */ = {
			isa = XCConfigurationList;
			buildConfigurations = (
				B5891CD52561E655005B5307 /* Debug */,
				B5891CD62561E655005B5307 /* Release */,
			);
			defaultConfigurationIsVisible = 0;
			defaultConfigurationName = Release;
		};
/* End XCConfigurationList section */
	};
	rootObject = B5891CC52561E655005B5307 /* Project object */;
}
